
Microsoft Visual Studio Solution File, Format Version 12.00
# Visual Studio Version 17
VisualStudioVersion = 17.7.34031.279
MinimumVisualStudioVersion = 10.0.40219.1
Project("{FAE04EC0-301F-11D3-BF4B-00C04F79EFBC}") = "OnlineLecture", "OnlineLecture\OnlineLecture.csproj", "{166BF143-20E0-4B67-8D95-C258C323D281}"
EndProject
Global
	GlobalSection(SolutionConfigurationPlatforms) = preSolution
		Debug|Any CPU = Debug|Any CPU
		Release|Any CPU = Release|Any CPU
	EndGlobalSection
	GlobalSection(ProjectConfigurationPlatforms) = postSolution
		{166BF143-20E0-4B67-8D95-C258C323D281}.Debug|Any CPU.ActiveCfg = Debug|Any CPU
		{166BF143-20E0-4B67-8D95-C258C323D281}.Debug|Any CPU.Build.0 = Debug|Any CPU
		{166BF143-20E0-4B67-8D95-C258C323D281}.Release|Any CPU.ActiveCfg = Release|Any CPU
		{166BF143-20E0-4B67-8D95-C258C323D281}.Release|Any CPU.Build.0 = Release|Any CPU
	EndGlobalSection
	GlobalSection(SolutionProperties) = preSolution
		HideSolutionNode = FALSE
	EndGlobalSection
	GlobalSection(ExtensibilityGlobals) = postSolution
		SolutionGuid = {102A9E00-98AC-416A-BEBB-D0F1E68ABE56}
	EndGlobalSection
EndGlobal
